
Microsoft Visual Studio Solution File, Format Version 12.00
# Visual Studio 15
VisualStudioVersion = 15.0.27130.2024
MinimumVisualStudioVersion = 10.0.40219.1
Project("{FAE04EC0-301F-11D3-BF4B-00C04F79EFBC}") = "RollTheDice", "RollTheDice\RollTheDice.csproj", "{09E75C16-6816-4488-9497-6FAF49564474}"
EndProject
Project("{FAE04EC0-301F-11D3-BF4B-00C04F79EFBC}") = "DMFamiliar", "DMFamiliar\DMFamiliar.csproj", "{DD17B81C-9B7D-4783-A89D-8EB4260294FC}"
EndProject
Project("{FAE04EC0-301F-11D3-BF4B-00C04F79EFBC}") = "Choreograph", "Choreograph\Choreograph.csproj", "{C97CDA43-6FE8-463F-AFA6-42B827636872}"
EndProject
Global
	GlobalSection(SolutionConfigurationPlatforms) = preSolution
		Debug|Any CPU = Debug|Any CPU
		Release|Any CPU = Release|Any CPU
	EndGlobalSection
	GlobalSection(ProjectConfigurationPlatforms) = postSolution
		{09E75C16-6816-4488-9497-6FAF49564474}.Debug|Any CPU.ActiveCfg = Debug|Any CPU
		{09E75C16-6816-4488-9497-6FAF49564474}.Debug|Any CPU.Build.0 = Debug|Any CPU
		{09E75C16-6816-4488-9497-6FAF49564474}.Release|Any CPU.ActiveCfg = Release|Any CPU
		{09E75C16-6816-4488-9497-6FAF49564474}.Release|Any CPU.Build.0 = Release|Any CPU
		{DD17B81C-9B7D-4783-A89D-8EB4260294FC}.Debug|Any CPU.ActiveCfg = Debug|Any CPU
		{DD17B81C-9B7D-4783-A89D-8EB4260294FC}.Debug|Any CPU.Build.0 = Debug|Any CPU
		{DD17B81C-9B7D-4783-A89D-8EB4260294FC}.Release|Any CPU.ActiveCfg = Release|Any CPU
		{DD17B81C-9B7D-4783-A89D-8EB4260294FC}.Release|Any CPU.Build.0 = Release|Any CPU
		{C97CDA43-6FE8-463F-AFA6-42B827636872}.Debug|Any CPU.ActiveCfg = Debug|Any CPU
		{C97CDA43-6FE8-463F-AFA6-42B827636872}.Debug|Any CPU.Build.0 = Debug|Any CPU
		{C97CDA43-6FE8-463F-AFA6-42B827636872}.Release|Any CPU.ActiveCfg = Release|Any CPU
		{C97CDA43-6FE8-463F-AFA6-42B827636872}.Release|Any CPU.Build.0 = Release|Any CPU
	EndGlobalSection
	GlobalSection(SolutionProperties) = preSolution
		HideSolutionNode = FALSE
	EndGlobalSection
	GlobalSection(ExtensibilityGlobals) = postSolution
		SolutionGuid = {099AC3A5-6699-4437-8BED-43681DED64B7}
	EndGlobalSection
EndGlobal
